
Microsoft Visual Studio Solution File, Format Version 12.00
# Visual Studio Version 17
VisualStudioVersion = 17.5.33502.453
MinimumVisualStudioVersion = 10.0.40219.1
Project("{FAE04EC0-301F-11D3-BF4B-00C04F79EFBC}") = "ThesisAPI", "ThesisAPI.csproj", "{4E286441-9D19-4CD5-8571-768A5A501034}"
EndProject
Global
	GlobalSection(SolutionConfigurationPlatforms) = preSolution
		Debug|Any CPU = Debug|Any CPU
		Release|Any CPU = Release|Any CPU
	EndGlobalSection
	GlobalSection(ProjectConfigurationPlatforms) = postSolution
		{4E286441-9D19-4CD5-8571-768A5A501034}.Debug|Any CPU.ActiveCfg = Debug|Any CPU
		{4E286441-9D19-4CD5-8571-768A5A501034}.Debug|Any CPU.Build.0 = Debug|Any CPU
		{4E286441-9D19-4CD5-8571-768A5A501034}.Release|Any CPU.ActiveCfg = Release|Any CPU
		{4E286441-9D19-4CD5-8571-768A5A501034}.Release|Any CPU.Build.0 = Release|Any CPU
	EndGlobalSection
	GlobalSection(SolutionProperties) = preSolution
		HideSolutionNode = FALSE
	EndGlobalSection
	GlobalSection(ExtensibilityGlobals) = postSolution
		SolutionGuid = {BF951CD1-0526-4BA5-8760-16E0552FE69D}
	EndGlobalSection
EndGlobal
